// !$*UTF8*$!
{
	archiveVersion = 1;
	classes = {
	};
	objectVersion = 55;
	objects = {

/* Begin PBXBuildFile section */
		F76221C827A3F71F001DA310 /* AppDelegate.swift in Sources */ = {isa = PBXBuildFile; fileRef = F76221C727A3F71F001DA310 /* AppDelegate.swift */; };
		F76221CA27A3F71F001DA310 /* SceneDelegate.swift in Sources */ = {isa = PBXBuildFile; fileRef = F76221C927A3F71F001DA310 /* SceneDelegate.swift */; };
		F76221CF27A3F71F001DA310 /* Main.storyboard in Resources */ = {isa = PBXBuildFile; fileRef = F76221CD27A3F71F001DA310 /* Main.storyboard */; };
		F76221D127A3F722001DA310 /* Assets.xcassets in Resources */ = {isa = PBXBuildFile; fileRef = F76221D027A3F722001DA310 /* Assets.xcassets */; };
		F76221D427A3F722001DA310 /* LaunchScreen.storyboard in Resources */ = {isa = PBXBuildFile; fileRef = F76221D227A3F722001DA310 /* LaunchScreen.storyboard */; };
		F76221E427A3FBB0001DA310 /* MainVC.swift in Sources */ = {isa = PBXBuildFile; fileRef = F76221E227A3FBB0001DA310 /* MainVC.swift */; };
		F76221EB27A3FF0D001DA310 /* MainViewModel.swift in Sources */ = {isa = PBXBuildFile; fileRef = F76221EA27A3FF0D001DA310 /* MainViewModel.swift */; };
		F76221EE27A400EE001DA310 /* AppModel.swift in Sources */ = {isa = PBXBuildFile; fileRef = F76221ED27A400EE001DA310 /* AppModel.swift */; };
		F76221F027A40107001DA310 /* DataClass.swift in Sources */ = {isa = PBXBuildFile; fileRef = F76221EF27A40107001DA310 /* DataClass.swift */; };
		F76221F227A4011C001DA310 /* User.swift in Sources */ = {isa = PBXBuildFile; fileRef = F76221F127A4011B001DA310 /* User.swift */; };
		F76221F627A40D74001DA310 /* ImageCell.swift in Sources */ = {isa = PBXBuildFile; fileRef = F76221F427A40D74001DA310 /* ImageCell.swift */; };
		F76221F727A40D74001DA310 /* ImageCell.xib in Resources */ = {isa = PBXBuildFile; fileRef = F76221F527A40D74001DA310 /* ImageCell.xib */; };
		F76221FA27A40D87001DA310 /* ToolbarCell.swift in Sources */ = {isa = PBXBuildFile; fileRef = F76221F827A40D86001DA310 /* ToolbarCell.swift */; };
		F76221FB27A40D87001DA310 /* ToolbarCell.xib in Resources */ = {isa = PBXBuildFile; fileRef = F76221F927A40D86001DA310 /* ToolbarCell.xib */; };
		F76221FE27A411E3001DA310 /* CustomImageView.swift in Sources */ = {isa = PBXBuildFile; fileRef = F76221FD27A411E3001DA310 /* CustomImageView.swift */; };
		F762220127A41F56001DA310 /* ShowMore.swift in Sources */ = {isa = PBXBuildFile; fileRef = F76221FF27A41F56001DA310 /* ShowMore.swift */; };
		F762220227A41F56001DA310 /* ShowMore.xib in Resources */ = {isa = PBXBuildFile; fileRef = F762220027A41F56001DA310 /* ShowMore.xib */; };
		F762220427A42B21001DA310 /* CustomButton.swift in Sources */ = {isa = PBXBuildFile; fileRef = F762220327A42B21001DA310 /* CustomButton.swift */; };
		F762220627A42C6D001DA310 /* CustomTapGesture.swift in Sources */ = {isa = PBXBuildFile; fileRef = F762220527A42C6D001DA310 /* CustomTapGesture.swift */; };
		F762220827A43184001DA310 /* DataModels+Enums.swift in Sources */ = {isa = PBXBuildFile; fileRef = F762220727A43184001DA310 /* DataModels+Enums.swift */; };
		F762220A27A436DB001DA310 /* Extensions.swift in Sources */ = {isa = PBXBuildFile; fileRef = F762220927A436DB001DA310 /* Extensions.swift */; };
/* End PBXBuildFile section */

/* Begin PBXFileReference section */
		F76221C427A3F71F001DA310 /* Assignment.app */ = {isa = PBXFileReference; explicitFileType = wrapper.application; includeInIndex = 0; path = Assignment.app; sourceTree = BUILT_PRODUCTS_DIR; };
		F76221C727A3F71F001DA310 /* AppDelegate.swift */ = {isa = PBXFileReference; lastKnownFileType = sourcecode.swift; path = AppDelegate.swift; sourceTree = "<group>"; };
		F76221C927A3F71F001DA310 /* SceneDelegate.swift */ = {isa = PBXFileReference; lastKnownFileType = sourcecode.swift; path = SceneDelegate.swift; sourceTree = "<group>"; };
		F76221CE27A3F71F001DA310 /* Base */ = {isa = PBXFileReference; lastKnownFileType = file.storyboard; name = Base; path = Base.lproj/Main.storyboard; sourceTree = "<group>"; };
		F76221D027A3F722001DA310 /* Assets.xcassets */ = {isa = PBXFileReference; lastKnownFileType = folder.assetcatalog; path = Assets.xcassets; sourceTree = "<group>"; };
		F76221D327A3F722001DA310 /* Base */ = {isa = PBXFileReference; lastKnownFileType = file.storyboard; name = Base; path = Base.lproj/LaunchScreen.storyboard; sourceTree = "<group>"; };
		F76221D527A3F722001DA310 /* Info.plist */ = {isa = PBXFileReference; lastKnownFileType = text.plist.xml; path = Info.plist; sourceTree = "<group>"; };
		F76221E227A3FBB0001DA310 /* MainVC.swift */ = {isa = PBXFileReference; lastKnownFileType = sourcecode.swift; path = MainVC.swift; sourceTree = "<group>"; };
		F76221EA27A3FF0D001DA310 /* MainViewModel.swift */ = {isa = PBXFileReference; lastKnownFileType = sourcecode.swift; path = MainViewModel.swift; sourceTree = "<group>"; };
		F76221ED27A400EE001DA310 /* AppModel.swift */ = {isa = PBXFileReference; lastKnownFileType = sourcecode.swift; path = AppModel.swift; sourceTree = "<group>"; };
		F76221EF27A40107001DA310 /* DataClass.swift */ = {isa = PBXFileReference; lastKnownFileType = sourcecode.swift; path = DataClass.swift; sourceTree = "<group>"; };
		F76221F127A4011B001DA310 /* User.swift */ = {isa = PBXFileReference; lastKnownFileType = sourcecode.swift; path = User.swift; sourceTree = "<group>"; };
		F76221F427A40D74001DA310 /* ImageCell.swift */ = {isa = PBXFileReference; lastKnownFileType = sourcecode.swift; path = ImageCell.swift; sourceTree = "<group>"; };
		F76221F527A40D74001DA310 /* ImageCell.xib */ = {isa = PBXFileReference; lastKnownFileType = file.xib; path = ImageCell.xib; sourceTree = "<group>"; };
		F76221F827A40D86001DA310 /* ToolbarCell.swift */ = {isa = PBXFileReference; lastKnownFileType = sourcecode.swift; path = ToolbarCell.swift; sourceTree = "<group>"; };
		F76221F927A40D86001DA310 /* ToolbarCell.xib */ = {isa = PBXFileReference; lastKnownFileType = file.xib; path = ToolbarCell.xib; sourceTree = "<group>"; };
		F76221FD27A411E3001DA310 /* CustomImageView.swift */ = {isa = PBXFileReference; lastKnownFileType = sourcecode.swift; path = CustomImageView.swift; sourceTree = "<group>"; };
		F76221FF27A41F56001DA310 /* ShowMore.swift */ = {isa = PBXFileReference; lastKnownFileType = sourcecode.swift; path = ShowMore.swift; sourceTree = "<group>"; };
		F762220027A41F56001DA310 /* ShowMore.xib */ = {isa = PBXFileReference; lastKnownFileType = file.xib; path = ShowMore.xib; sourceTree = "<group>"; };
		F762220327A42B21001DA310 /* CustomButton.swift */ = {isa = PBXFileReference; lastKnownFileType = sourcecode.swift; path = CustomButton.swift; sourceTree = "<group>"; };
		F762220527A42C6D001DA310 /* CustomTapGesture.swift */ = {isa = PBXFileReference; lastKnownFileType = sourcecode.swift; path = CustomTapGesture.swift; sourceTree = "<group>"; };
		F762220727A43184001DA310 /* DataModels+Enums.swift */ = {isa = PBXFileReference; lastKnownFileType = sourcecode.swift; path = "DataModels+Enums.swift"; sourceTree = "<group>"; };
		F762220927A436DB001DA310 /* Extensions.swift */ = {isa = PBXFileReference; lastKnownFileType = sourcecode.swift; path = Extensions.swift; sourceTree = "<group>"; };
/* End PBXFileReference section */

/* Begin PBXFrameworksBuildPhase section */
		F76221C127A3F71F001DA310 /* Frameworks */ = {
			isa = PBXFrameworksBuildPhase;
			buildActionMask = 2147483647;
			files = (
			);
			runOnlyForDeploymentPostprocessing = 0;
		};
/* End PBXFrameworksBuildPhase section */

/* Begin PBXGroup section */
		F76221BB27A3F71F001DA310 = {
			isa = PBXGroup;
			children = (
				F76221C627A3F71F001DA310 /* Assignment */,
				F76221C527A3F71F001DA310 /* Products */,
			);
			sourceTree = "<group>";
		};
		F76221C527A3F71F001DA310 /* Products */ = {
			isa = PBXGroup;
			children = (
				F76221C427A3F71F001DA310 /* Assignment.app */,
			);
			name = Products;
			sourceTree = "<group>";
		};
		F76221C627A3F71F001DA310 /* Assignment */ = {
			isa = PBXGroup;
			children = (
				F76221FC27A411D4001DA310 /* CustomView */,
				F76221EC27A3FF19001DA310 /* Models */,
				F76221E027A3FB86001DA310 /* ViewControllers */,
				F76221C727A3F71F001DA310 /* AppDelegate.swift */,
				F76221C927A3F71F001DA310 /* SceneDelegate.swift */,
				F76221CD27A3F71F001DA310 /* Main.storyboard */,
				F76221D027A3F722001DA310 /* Assets.xcassets */,
				F76221D227A3F722001DA310 /* LaunchScreen.storyboard */,
				F76221D527A3F722001DA310 /* Info.plist */,
			);
			path = Assignment;
			sourceTree = "<group>";
		};
		F76221E027A3FB86001DA310 /* ViewControllers */ = {
			isa = PBXGroup;
			children = (
				F76221E127A3FB95001DA310 /* Main */,
			);
			path = ViewControllers;
			sourceTree = "<group>";
		};
		F76221E127A3FB95001DA310 /* Main */ = {
			isa = PBXGroup;
			children = (
				F76221F327A40511001DA310 /* Cell */,
				F76221E227A3FBB0001DA310 /* MainVC.swift */,
				F76221EA27A3FF0D001DA310 /* MainViewModel.swift */,
				F762220727A43184001DA310 /* DataModels+Enums.swift */,
			);
			path = Main;
			sourceTree = "<group>";
		};
		F76221EC27A3FF19001DA310 /* Models */ = {
			isa = PBXGroup;
			children = (
				F76221ED27A400EE001DA310 /* AppModel.swift */,
				F76221EF27A40107001DA310 /* DataClass.swift */,
				F76221F127A4011B001DA310 /* User.swift */,
			);
			path = Models;
			sourceTree = "<group>";
		};
		F76221F327A40511001DA310 /* Cell */ = {
			isa = PBXGroup;
			children = (
				F76221F427A40D74001DA310 /* ImageCell.swift */,
				F76221F527A40D74001DA310 /* ImageCell.xib */,
				F76221F827A40D86001DA310 /* ToolbarCell.swift */,
				F76221F927A40D86001DA310 /* ToolbarCell.xib */,
				F76221FF27A41F56001DA310 /* ShowMore.swift */,
				F762220027A41F56001DA310 /* ShowMore.xib */,
			);
			path = Cell;
			sourceTree = "<group>";
		};
		F76221FC27A411D4001DA310 /* CustomView */ = {
			isa = PBXGroup;
			children = (
				F76221FD27A411E3001DA310 /* CustomImageView.swift */,
				F762220327A42B21001DA310 /* CustomButton.swift */,
				F762220527A42C6D001DA310 /* CustomTapGesture.swift */,
				F762220927A436DB001DA310 /* Extensions.swift */,
			);
			path = CustomView;
			sourceTree = "<group>";
		};
/* End PBXGroup section */

/* Begin PBXNativeTarget section */
		F76221C327A3F71F001DA310 /* Assignment */ = {
			isa = PBXNativeTarget;
			buildConfigurationList = F76221D827A3F722001DA310 /* Build configuration list for PBXNativeTarget "Assignment" */;
			buildPhases = (
				F76221C027A3F71F001DA310 /* Sources */,
				F76221C127A3F71F001DA310 /* Frameworks */,
				F76221C227A3F71F001DA310 /* Resources */,
			);
			buildRules = (
			);
			dependencies = (
			);
			name = Assignment;
			productName = Assignment;
			productReference = F76221C427A3F71F001DA310 /* Assignment.app */;
			productType = "com.apple.product-type.application";
		};
/* End PBXNativeTarget section */

/* Begin PBXProject section */
		F76221BC27A3F71F001DA310 /* Project object */ = {
			isa = PBXProject;
			attributes = {
				BuildIndependentTargetsInParallel = 1;
				LastSwiftUpdateCheck = 1300;
				LastUpgradeCheck = 1300;
				TargetAttributes = {
					F76221C327A3F71F001DA310 = {
						CreatedOnToolsVersion = 13.0;
					};
				};
			};
			buildConfigurationList = F76221BF27A3F71F001DA310 /* Build configuration list for PBXProject "Assignment" */;
			compatibilityVersion = "Xcode 13.0";
			developmentRegion = en;
			hasScannedForEncodings = 0;
			knownRegions = (
				en,
				Base,
			);
			mainGroup = F76221BB27A3F71F001DA310;
			productRefGroup = F76221C527A3F71F001DA310 /* Products */;
			projectDirPath = "";
			projectRoot = "";
			targets = (
				F76221C327A3F71F001DA310 /* Assignment */,
			);
		};
/* End PBXProject section */

/* Begin PBXResourcesBuildPhase section */
		F76221C227A3F71F001DA310 /* Resources */ = {
			isa = PBXResourcesBuildPhase;
			buildActionMask = 2147483647;
			files = (
				F76221D427A3F722001DA310 /* LaunchScreen.storyboard in Resources */,
				F76221D127A3F722001DA310 /* Assets.xcassets in Resources */,
				F76221FB27A40D87001DA310 /* ToolbarCell.xib in Resources */,
				F76221F727A40D74001DA310 /* ImageCell.xib in Resources */,
				F762220227A41F56001DA310 /* ShowMore.xib in Resources */,
				F76221CF27A3F71F001DA310 /* Main.storyboard in Resources */,
			);
			runOnlyForDeploymentPostprocessing = 0;
		};
/* End PBXResourcesBuildPhase section */

/* Begin PBXSourcesBuildPhase section */
		F76221C027A3F71F001DA310 /* Sources */ = {
			isa = PBXSourcesBuildPhase;
			buildActionMask = 2147483647;
			files = (
				F76221EE27A400EE001DA310 /* AppModel.swift in Sources */,
				F76221FE27A411E3001DA310 /* CustomImageView.swift in Sources */,
				F76221C827A3F71F001DA310 /* AppDelegate.swift in Sources */,
				F762220127A41F56001DA310 /* ShowMore.swift in Sources */,
				F76221F027A40107001DA310 /* DataClass.swift in Sources */,
				F76221E427A3FBB0001DA310 /* MainVC.swift in Sources */,
				F76221FA27A40D87001DA310 /* ToolbarCell.swift in Sources */,
				F76221F227A4011C001DA310 /* User.swift in Sources */,
				F762220427A42B21001DA310 /* CustomButton.swift in Sources */,
				F76221CA27A3F71F001DA310 /* SceneDelegate.swift in Sources */,
				F762220A27A436DB001DA310 /* Extensions.swift in Sources */,
				F76221EB27A3FF0D001DA310 /* MainViewModel.swift in Sources */,
				F762220827A43184001DA310 /* DataModels+Enums.swift in Sources */,
				F762220627A42C6D001DA310 /* CustomTapGesture.swift in Sources */,
				F76221F627A40D74001DA310 /* ImageCell.swift in Sources */,
			);
			runOnlyForDeploymentPostprocessing = 0;
		};
/* End PBXSourcesBuildPhase section */

/* Begin PBXVariantGroup section */
		F76221CD27A3F71F001DA310 /* Main.storyboard */ = {
			isa = PBXVariantGroup;
			children = (
				F76221CE27A3F71F001DA310 /* Base */,
			);
			name = Main.storyboard;
			sourceTree = "<group>";
		};
		F76221D227A3F722001DA310 /* LaunchScreen.storyboard */ = {
			isa = PBXVariantGroup;
			children = (
				F76221D327A3F722001DA310 /* Base */,
			);
			name = LaunchScreen.storyboard;
			sourceTree = "<group>";
		};
/* End PBXVariantGroup section */

/* Begin XCBuildConfiguration section */
		F76221D627A3F722001DA310 /* Debug */ = {
			isa = XCBuildConfiguration;
			buildSettings = {
				ALWAYS_SEARCH_USER_PATHS = NO;
				CLANG_ANALYZER_NONNULL = YES;
				CLANG_ANALYZER_NUMBER_OBJECT_CONVERSION = YES_AGGRESSIVE;
				CLANG_CXX_LANGUAGE_STANDARD = "gnu++17";
				CLANG_CXX_LIBRARY = "libc++";
				CLANG_ENABLE_MODULES = YES;
				CLANG_ENABLE_OBJC_ARC = YES;
				CLANG_ENABLE_OBJC_WEAK = YES;
				CLANG_WARN_BLOCK_CAPTURE_AUTORELEASING = YES;
				CLANG_WARN_BOOL_CONVERSION = YES;
				CLANG_WARN_COMMA = YES;
				CLANG_WARN_CONSTANT_CONVERSION = YES;
				CLANG_WARN_DEPRECATED_OBJC_IMPLEMENTATIONS = YES;
				CLANG_WARN_DIRECT_OBJC_ISA_USAGE = YES_ERROR;
				CLANG_WARN_DOCUMENTATION_COMMENTS = YES;
				CLANG_WARN_EMPTY_BODY = YES;
				CLANG_WARN_ENUM_CONVERSION = YES;
				CLANG_WARN_INFINITE_RECURSION = YES;
				CLANG_WARN_INT_CONVERSION = YES;
				CLANG_WARN_NON_LITERAL_NULL_CONVERSION = YES;
				CLANG_WARN_OBJC_IMPLICIT_RETAIN_SELF = YES;
				CLANG_WARN_OBJC_LITERAL_CONVERSION = YES;
				CLANG_WARN_OBJC_ROOT_CLASS = YES_ERROR;
				CLANG_WARN_QUOTED_INCLUDE_IN_FRAMEWORK_HEADER = YES;
				CLANG_WARN_RANGE_LOOP_ANALYSIS = YES;
				CLANG_WARN_STRICT_PROTOTYPES = YES;
				CLANG_WARN_SUSPICIOUS_MOVE = YES;
				CLANG_WARN_UNGUARDED_AVAILABILITY = YES_AGGRESSIVE;
				CLANG_WARN_UNREACHABLE_CODE = YES;
				CLANG_WARN__DUPLICATE_METHOD_MATCH = YES;
				COPY_PHASE_STRIP = NO;
				DEBUG_INFORMATION_FORMAT = dwarf;
				ENABLE_STRICT_OBJC_MSGSEND = YES;
				ENABLE_TESTABILITY = YES;
				GCC_C_LANGUAGE_STANDARD = gnu11;
				GCC_DYNAMIC_NO_PIC = NO;
				GCC_NO_COMMON_BLOCKS = YES;
				GCC_OPTIMIZATION_LEVEL = 0;
				GCC_PREPROCESSOR_DEFINITIONS = (
					"DEBUG=1",
					"$(inherited)",
				);
				GCC_WARN_64_TO_32_BIT_CONVERSION = YES;
				GCC_WARN_ABOUT_RETURN_TYPE = YES_ERROR;
				GCC_WARN_UNDECLARED_SELECTOR = YES;
				GCC_WARN_UNINITIALIZED_AUTOS = YES_AGGRESSIVE;
				GCC_WARN_UNUSED_FUNCTION = YES;
				GCC_WARN_UNUSED_VARIABLE = YES;
				IPHONEOS_DEPLOYMENT_TARGET = 15.0;
				MTL_ENABLE_DEBUG_INFO = INCLUDE_SOURCE;
				MTL_FAST_MATH = YES;
				ONLY_ACTIVE_ARCH = YES;
				SDKROOT = iphoneos;
				SWIFT_ACTIVE_COMPILATION_CONDITIONS = DEBUG;
				SWIFT_OPTIMIZATION_LEVEL = "-Onone";
			};
			name = Debug;
		};
		F76221D727A3F722001DA310 /* Release */ = {
			isa = XCBuildConfiguration;
			buildSettings = {
				ALWAYS_SEARCH_USER_PATHS = NO;
				CLANG_ANALYZER_NONNULL = YES;
				CLANG_ANALYZER_NUMBER_OBJECT_CONVERSION = YES_AGGRESSIVE;
				CLANG_CXX_LANGUAGE_STANDARD = "gnu++17";
				CLANG_CXX_LIBRARY = "libc++";
				CLANG_ENABLE_MODULES = YES;
				CLANG_ENABLE_OBJC_ARC = YES;
				CLANG_ENABLE_OBJC_WEAK = YES;
				CLANG_WARN_BLOCK_CAPTURE_AUTORELEASING = YES;
				CLANG_WARN_BOOL_CONVERSION = YES;
				CLANG_WARN_COMMA = YES;
				CLANG_WARN_CONSTANT_CONVERSION = YES;
				CLANG_WARN_DEPRECATED_OBJC_IMPLEMENTATIONS = YES;
				CLANG_WARN_DIRECT_OBJC_ISA_USAGE = YES_ERROR;
				CLANG_WARN_DOCUMENTATION_COMMENTS = YES;
				CLANG_WARN_EMPTY_BODY = YES;
				CLANG_WARN_ENUM_CONVERSION = YES;
				CLANG_WARN_INFINITE_RECURSION = YES;
				CLANG_WARN_INT_CONVERSION = YES;
				CLANG_WARN_NON_LITERAL_NULL_CONVERSION = YES;
				CLANG_WARN_OBJC_IMPLICIT_RETAIN_SELF = YES;
				CLANG_WARN_OBJC_LITERAL_CONVERSION = YES;
				CLANG_WARN_OBJC_ROOT_CLASS = YES_ERROR;
				CLANG_WARN_QUOTED_INCLUDE_IN_FRAMEWORK_HEADER = YES;
				CLANG_WARN_RANGE_LOOP_ANALYSIS = YES;
				CLANG_WARN_STRICT_PROTOTYPES = YES;
				CLANG_WARN_SUSPICIOUS_MOVE = YES;
				CLANG_WARN_UNGUARDED_AVAILABILITY = YES_AGGRESSIVE;
				CLANG_WARN_UNREACHABLE_CODE = YES;
				CLANG_WARN__DUPLICATE_METHOD_MATCH = YES;
				COPY_PHASE_STRIP = NO;
				DEBUG_INFORMATION_FORMAT = "dwarf-with-dsym";
				ENABLE_NS_ASSERTIONS = NO;
				ENABLE_STRICT_OBJC_MSGSEND = YES;
				GCC_C_LANGUAGE_STANDARD = gnu11;
				GCC_NO_COMMON_BLOCKS = YES;
				GCC_WARN_64_TO_32_BIT_CONVERSION = YES;
				GCC_WARN_ABOUT_RETURN_TYPE = YES_ERROR;
				GCC_WARN_UNDECLARED_SELECTOR = YES;
				GCC_WARN_UNINITIALIZED_AUTOS = YES_AGGRESSIVE;
				GCC_WARN_UNUSED_FUNCTION = YES;
				GCC_WARN_UNUSED_VARIABLE = YES;
				IPHONEOS_DEPLOYMENT_TARGET = 15.0;
				MTL_ENABLE_DEBUG_INFO = NO;
				MTL_FAST_MATH = YES;
				SDKROOT = iphoneos;
				SWIFT_COMPILATION_MODE = wholemodule;
				SWIFT_OPTIMIZATION_LEVEL = "-O";
				VALIDATE_PRODUCT = YES;
			};
			name = Release;
		};
		F76221D927A3F722001DA310 /* Debug */ = {
			isa = XCBuildConfiguration;
			buildSettings = {
				ASSETCATALOG_COMPILER_APPICON_NAME = AppIcon;
				ASSETCATALOG_COMPILER_GLOBAL_ACCENT_COLOR_NAME = AccentColor;
				CODE_SIGN_STYLE = Automatic;
				CURRENT_PROJECT_VERSION = 1;
				DEVELOPMENT_TEAM = K88PWVZP3U;
				GENERATE_INFOPLIST_FILE = YES;
				INFOPLIST_FILE = Assignment/Info.plist;
				INFOPLIST_KEY_UIApplicationSupportsIndirectInputEvents = YES;
				INFOPLIST_KEY_UILaunchStoryboardName = LaunchScreen;
				INFOPLIST_KEY_UIMainStoryboardFile = Main;
				INFOPLIST_KEY_UISupportedInterfaceOrientations_iPad = "UIInterfaceOrientationPortrait UIInterfaceOrientationPortraitUpsideDown UIInterfaceOrientationLandscapeLeft UIInterfaceOrientationLandscapeRight";
				INFOPLIST_KEY_UISupportedInterfaceOrientations_iPhone = "UIInterfaceOrientationPortrait UIInterfaceOrientationLandscapeLeft UIInterfaceOrientationLandscapeRight";
				IPHONEOS_DEPLOYMENT_TARGET = 12.0;
				LD_RUNPATH_SEARCH_PATHS = (
					"$(inherited)",
					"@executable_path/Frameworks",
				);
				MARKETING_VERSION = 1.0;
				PRODUCT_BUNDLE_IDENTIFIER = com.snm.Assignment;
				PRODUCT_NAME = "$(TARGET_NAME)";
				SWIFT_EMIT_LOC_STRINGS = YES;
				SWIFT_VERSION = 5.0;
				TARGETED_DEVICE_FAMILY = "1,2";
			};
			name = Debug;
		};
		F76221DA27A3F722001DA310 /* Release */ = {
			isa = XCBuildConfiguration;
			buildSettings = {
				ASSETCATALOG_COMPILER_APPICON_NAME = AppIcon;
				ASSETCATALOG_COMPILER_GLOBAL_ACCENT_COLOR_NAME = AccentColor;
				CODE_SIGN_STYLE = Automatic;
				CURRENT_PROJECT_VERSION = 1;
				DEVELOPMENT_TEAM = K88PWVZP3U;
				GENERATE_INFOPLIST_FILE = YES;
				INFOPLIST_FILE = Assignment/Info.plist;
				INFOPLIST_KEY_UIApplicationSupportsIndirectInputEvents = YES;
				INFOPLIST_KEY_UILaunchStoryboardName = LaunchScreen;
				INFOPLIST_KEY_UIMainStoryboardFile = Main;
				INFOPLIST_KEY_UISupportedInterfaceOrientations_iPad = "UIInterfaceOrientationPortrait UIInterfaceOrientationPortraitUpsideDown UIInterfaceOrientationLandscapeLeft UIInterfaceOrientationLandscapeRight";
				INFOPLIST_KEY_UISupportedInterfaceOrientations_iPhone = "UIInterfaceOrientationPortrait UIInterfaceOrientationLandscapeLeft UIInterfaceOrientationLandscapeRight";
				IPHONEOS_DEPLOYMENT_TARGET = 12.0;
				LD_RUNPATH_SEARCH_PATHS = (
					"$(inherited)",
					"@executable_path/Frameworks",
				);
				MARKETING_VERSION = 1.0;
				PRODUCT_BUNDLE_IDENTIFIER = com.snm.Assignment;
				PRODUCT_NAME = "$(TARGET_NAME)";
				SWIFT_EMIT_LOC_STRINGS = YES;
				SWIFT_VERSION = 5.0;
				TARGETED_DEVICE_FAMILY = "1,2";
			};
			name = Release;
		};
/* End XCBuildConfiguration section */

/* Begin XCConfigurationList section */
		F76221BF27A3F71F001DA310 /* Build configuration list for PBXProject "Assignment" */ = {
			isa = XCConfigurationList;
			buildConfigurations = (
				F76221D627A3F722001DA310 /* Debug */,
				F76221D727A3F722001DA310 /* Release */,
			);
			defaultConfigurationIsVisible = 0;
			defaultConfigurationName = Release;
		};
		F76221D827A3F722001DA310 /* Build configuration list for PBXNativeTarget "Assignment" */ = {
			isa = XCConfigurationList;
			buildConfigurations = (
				F76221D927A3F722001DA310 /* Debug */,
				F76221DA27A3F722001DA310 /* Release */,
			);
			defaultConfigurationIsVisible = 0;
			defaultConfigurationName = Release;
		};
/* End XCConfigurationList section */
	};
	rootObject = F76221BC27A3F71F001DA310 /* Project object */;
}
